// !$*UTF8*$!
{
	archiveVersion = 1;
	classes = {
	};
	objectVersion = 50;
	objects = {

/* Begin PBXBuildFile section */
		C66D3AAB23C798AC002AE545 /* AppDelegate.swift in Sources */ = {isa = PBXBuildFile; fileRef = C66D3AAA23C798AC002AE545 /* AppDelegate.swift */; };
		C66D3AAD23C798AC002AE545 /* SceneDelegate.swift in Sources */ = {isa = PBXBuildFile; fileRef = C66D3AAC23C798AC002AE545 /* SceneDelegate.swift */; };
		C66D3AAF23C798AC002AE545 /* CountryViewController.swift in Sources */ = {isa = PBXBuildFile; fileRef = C66D3AAE23C798AC002AE545 /* CountryViewController.swift */; };
		C66D3AB223C798AC002AE545 /* Main.storyboard in Resources */ = {isa = PBXBuildFile; fileRef = C66D3AB023C798AC002AE545 /* Main.storyboard */; };
		C66D3AB423C798B1002AE545 /* Assets.xcassets in Resources */ = {isa = PBXBuildFile; fileRef = C66D3AB323C798B1002AE545 /* Assets.xcassets */; };
		C66D3AB723C798B1002AE545 /* LaunchScreen.storyboard in Resources */ = {isa = PBXBuildFile; fileRef = C66D3AB523C798B1002AE545 /* LaunchScreen.storyboard */; };
		C66D3AC223C798B1002AE545 /* AirQualityAppTests.swift in Sources */ = {isa = PBXBuildFile; fileRef = C66D3AC123C798B1002AE545 /* AirQualityAppTests.swift */; };
		C66D3ACE23C798F6002AE545 /* Country.swift in Sources */ = {isa = PBXBuildFile; fileRef = C66D3ACD23C798F6002AE545 /* Country.swift */; };
		C66D3AD023C7B1DA002AE545 /* City.swift in Sources */ = {isa = PBXBuildFile; fileRef = C66D3ACF23C7B1DA002AE545 /* City.swift */; };
		C66D3AD223C7B26B002AE545 /* Measurements.swift in Sources */ = {isa = PBXBuildFile; fileRef = C66D3AD123C7B26B002AE545 /* Measurements.swift */; };
		C66D3AD423C7B4B1002AE545 /* Latest.swift in Sources */ = {isa = PBXBuildFile; fileRef = C66D3AD323C7B4B1002AE545 /* Latest.swift */; };
		C66D3AD723C7BEBF002AE545 /* NetworkHelper.swift in Sources */ = {isa = PBXBuildFile; fileRef = C66D3AD623C7BEBF002AE545 /* NetworkHelper.swift */; };
		C66D3AD923C7BF5C002AE545 /* AppError.swift in Sources */ = {isa = PBXBuildFile; fileRef = C66D3AD823C7BF5C002AE545 /* AppError.swift */; };
		C66D3ADB23C7BF82002AE545 /* ShowAlert.swift in Sources */ = {isa = PBXBuildFile; fileRef = C66D3ADA23C7BF82002AE545 /* ShowAlert.swift */; };
		C66D3ADD23C7BF98002AE545 /* ImageView.swift in Sources */ = {isa = PBXBuildFile; fileRef = C66D3ADC23C7BF98002AE545 /* ImageView.swift */; };
		C66D3ADF23C7BFBB002AE545 /* APIClient.swift in Sources */ = {isa = PBXBuildFile; fileRef = C66D3ADE23C7BFBB002AE545 /* APIClient.swift */; };
		C66D3AE123C7C68A002AE545 /* AirQualityViewController.swift in Sources */ = {isa = PBXBuildFile; fileRef = C66D3AE023C7C68A002AE545 /* AirQualityViewController.swift */; };
		C678E7B423C7CDCE000EDB69 /* CityCell.swift in Sources */ = {isa = PBXBuildFile; fileRef = C678E7B323C7CDCE000EDB69 /* CityCell.swift */; };
		C678E7B623C7CE47000EDB69 /* CityCell.xib in Resources */ = {isa = PBXBuildFile; fileRef = C678E7B523C7CE47000EDB69 /* CityCell.xib */; };
/* End PBXBuildFile section */

/* Begin PBXContainerItemProxy section */
		C66D3ABE23C798B1002AE545 /* PBXContainerItemProxy */ = {
			isa = PBXContainerItemProxy;
			containerPortal = C66D3A9F23C798AC002AE545 /* Project object */;
			proxyType = 1;
			remoteGlobalIDString = C66D3AA623C798AC002AE545;
			remoteInfo = AirQualityApp;
		};
/* End PBXContainerItemProxy section */

/* Begin PBXFileReference section */
		C66D3AA723C798AC002AE545 /* AirQualityApp.app */ = {isa = PBXFileReference; explicitFileType = wrapper.application; includeInIndex = 0; path = AirQualityApp.app; sourceTree = BUILT_PRODUCTS_DIR; };
		C66D3AAA23C798AC002AE545 /* AppDelegate.swift */ = {isa = PBXFileReference; lastKnownFileType = sourcecode.swift; path = AppDelegate.swift; sourceTree = "<group>"; };
		C66D3AAC23C798AC002AE545 /* SceneDelegate.swift */ = {isa = PBXFileReference; lastKnownFileType = sourcecode.swift; path = SceneDelegate.swift; sourceTree = "<group>"; };
		C66D3AAE23C798AC002AE545 /* CountryViewController.swift */ = {isa = PBXFileReference; lastKnownFileType = sourcecode.swift; path = CountryViewController.swift; sourceTree = "<group>"; };
		C66D3AB123C798AC002AE545 /* Base */ = {isa = PBXFileReference; lastKnownFileType = file.storyboard; name = Base; path = Base.lproj/Main.storyboard; sourceTree = "<group>"; };
		C66D3AB323C798B1002AE545 /* Assets.xcassets */ = {isa = PBXFileReference; lastKnownFileType = folder.assetcatalog; path = Assets.xcassets; sourceTree = "<group>"; };
		C66D3AB623C798B1002AE545 /* Base */ = {isa = PBXFileReference; lastKnownFileType = file.storyboard; name = Base; path = Base.lproj/LaunchScreen.storyboard; sourceTree = "<group>"; };
		C66D3AB823C798B1002AE545 /* Info.plist */ = {isa = PBXFileReference; lastKnownFileType = text.plist.xml; path = Info.plist; sourceTree = "<group>"; };
		C66D3ABD23C798B1002AE545 /* AirQualityAppTests.xctest */ = {isa = PBXFileReference; explicitFileType = wrapper.cfbundle; includeInIndex = 0; path = AirQualityAppTests.xctest; sourceTree = BUILT_PRODUCTS_DIR; };
		C66D3AC123C798B1002AE545 /* AirQualityAppTests.swift */ = {isa = PBXFileReference; lastKnownFileType = sourcecode.swift; path = AirQualityAppTests.swift; sourceTree = "<group>"; };
		C66D3AC323C798B1002AE545 /* Info.plist */ = {isa = PBXFileReference; lastKnownFileType = text.plist.xml; path = Info.plist; sourceTree = "<group>"; };
		C66D3ACD23C798F6002AE545 /* Country.swift */ = {isa = PBXFileReference; lastKnownFileType = sourcecode.swift; path = Country.swift; sourceTree = "<group>"; };
		C66D3ACF23C7B1DA002AE545 /* City.swift */ = {isa = PBXFileReference; lastKnownFileType = sourcecode.swift; path = City.swift; sourceTree = "<group>"; };
		C66D3AD123C7B26B002AE545 /* Measurements.swift */ = {isa = PBXFileReference; lastKnownFileType = sourcecode.swift; path = Measurements.swift; sourceTree = "<group>"; };
		C66D3AD323C7B4B1002AE545 /* Latest.swift */ = {isa = PBXFileReference; lastKnownFileType = sourcecode.swift; path = Latest.swift; sourceTree = "<group>"; };
		C66D3AD623C7BEBF002AE545 /* NetworkHelper.swift */ = {isa = PBXFileReference; lastKnownFileType = sourcecode.swift; path = NetworkHelper.swift; sourceTree = "<group>"; };
		C66D3AD823C7BF5C002AE545 /* AppError.swift */ = {isa = PBXFileReference; lastKnownFileType = sourcecode.swift; path = AppError.swift; sourceTree = "<group>"; };
		C66D3ADA23C7BF82002AE545 /* ShowAlert.swift */ = {isa = PBXFileReference; lastKnownFileType = sourcecode.swift; path = ShowAlert.swift; sourceTree = "<group>"; };
		C66D3ADC23C7BF98002AE545 /* ImageView.swift */ = {isa = PBXFileReference; lastKnownFileType = sourcecode.swift; path = ImageView.swift; sourceTree = "<group>"; };
		C66D3ADE23C7BFBB002AE545 /* APIClient.swift */ = {isa = PBXFileReference; lastKnownFileType = sourcecode.swift; path = APIClient.swift; sourceTree = "<group>"; };
		C66D3AE023C7C68A002AE545 /* AirQualityViewController.swift */ = {isa = PBXFileReference; lastKnownFileType = sourcecode.swift; path = AirQualityViewController.swift; sourceTree = "<group>"; };
		C678E7B323C7CDCE000EDB69 /* CityCell.swift */ = {isa = PBXFileReference; lastKnownFileType = sourcecode.swift; path = CityCell.swift; sourceTree = "<group>"; };
		C678E7B523C7CE47000EDB69 /* CityCell.xib */ = {isa = PBXFileReference; lastKnownFileType = file.xib; path = CityCell.xib; sourceTree = "<group>"; };
/* End PBXFileReference section */

/* Begin PBXFrameworksBuildPhase section */
		C66D3AA423C798AC002AE545 /* Frameworks */ = {
			isa = PBXFrameworksBuildPhase;
			buildActionMask = 2147483647;
			files = (
			);
			runOnlyForDeploymentPostprocessing = 0;
		};
		C66D3ABA23C798B1002AE545 /* Frameworks */ = {
			isa = PBXFrameworksBuildPhase;
			buildActionMask = 2147483647;
			files = (
			);
			runOnlyForDeploymentPostprocessing = 0;
		};
/* End PBXFrameworksBuildPhase section */

/* Begin PBXGroup section */
		C66D3A9E23C798AC002AE545 = {
			isa = PBXGroup;
			children = (
				C66D3AA923C798AC002AE545 /* AirQualityApp */,
				C66D3AC023C798B1002AE545 /* AirQualityAppTests */,
				C66D3AA823C798AC002AE545 /* Products */,
			);
			sourceTree = "<group>";
		};
		C66D3AA823C798AC002AE545 /* Products */ = {
			isa = PBXGroup;
			children = (
				C66D3AA723C798AC002AE545 /* AirQualityApp.app */,
				C66D3ABD23C798B1002AE545 /* AirQualityAppTests.xctest */,
			);
			name = Products;
			sourceTree = "<group>";
		};
		C66D3AA923C798AC002AE545 /* AirQualityApp */ = {
			isa = PBXGroup;
			children = (
				C66D3AD523C7BE9E002AE545 /* NetworkServices + Extensions */,
				C66D3ACC23C798E4002AE545 /* Model */,
				C66D3AE223C7C694002AE545 /* Controllers */,
				C678E7B223C7CDA5000EDB69 /* View */,
				C66D3AB023C798AC002AE545 /* Main.storyboard */,
				C66D3AAA23C798AC002AE545 /* AppDelegate.swift */,
				C66D3AAC23C798AC002AE545 /* SceneDelegate.swift */,
				C66D3AB323C798B1002AE545 /* Assets.xcassets */,
				C66D3AB523C798B1002AE545 /* LaunchScreen.storyboard */,
				C66D3AB823C798B1002AE545 /* Info.plist */,
			);
			path = AirQualityApp;
			sourceTree = "<group>";
		};
		C66D3AC023C798B1002AE545 /* AirQualityAppTests */ = {
			isa = PBXGroup;
			children = (
				C66D3AC123C798B1002AE545 /* AirQualityAppTests.swift */,
				C66D3AC323C798B1002AE545 /* Info.plist */,
			);
			path = AirQualityAppTests;
			sourceTree = "<group>";
		};
		C66D3ACC23C798E4002AE545 /* Model */ = {
			isa = PBXGroup;
			children = (
				C66D3ACD23C798F6002AE545 /* Country.swift */,
				C66D3ACF23C7B1DA002AE545 /* City.swift */,
				C66D3AD123C7B26B002AE545 /* Measurements.swift */,
				C66D3AD323C7B4B1002AE545 /* Latest.swift */,
			);
			path = Model;
			sourceTree = "<group>";
		};
		C66D3AD523C7BE9E002AE545 /* NetworkServices + Extensions */ = {
			isa = PBXGroup;
			children = (
				C66D3AD623C7BEBF002AE545 /* NetworkHelper.swift */,
				C66D3AD823C7BF5C002AE545 /* AppError.swift */,
				C66D3ADA23C7BF82002AE545 /* ShowAlert.swift */,
				C66D3ADC23C7BF98002AE545 /* ImageView.swift */,
				C66D3ADE23C7BFBB002AE545 /* APIClient.swift */,
			);
			path = "NetworkServices + Extensions";
			sourceTree = "<group>";
		};
		C66D3AE223C7C694002AE545 /* Controllers */ = {
			isa = PBXGroup;
			children = (
				C66D3AAE23C798AC002AE545 /* CountryViewController.swift */,
				C66D3AE023C7C68A002AE545 /* AirQualityViewController.swift */,
			);
			path = Controllers;
			sourceTree = "<group>";
		};
		C678E7B223C7CDA5000EDB69 /* View */ = {
			isa = PBXGroup;
			children = (
				C678E7B323C7CDCE000EDB69 /* CityCell.swift */,
				C678E7B523C7CE47000EDB69 /* CityCell.xib */,
			);
			path = View;
			sourceTree = "<group>";
		};
/* End PBXGroup section */

/* Begin PBXNativeTarget section */
		C66D3AA623C798AC002AE545 /* AirQualityApp */ = {
			isa = PBXNativeTarget;
			buildConfigurationList = C66D3AC623C798B1002AE545 /* Build configuration list for PBXNativeTarget "AirQualityApp" */;
			buildPhases = (
				C66D3AA323C798AC002AE545 /* Sources */,
				C66D3AA423C798AC002AE545 /* Frameworks */,
				C66D3AA523C798AC002AE545 /* Resources */,
			);
			buildRules = (
			);
			dependencies = (
			);
			name = AirQualityApp;
			productName = AirQualityApp;
			productReference = C66D3AA723C798AC002AE545 /* AirQualityApp.app */;
			productType = "com.apple.product-type.application";
		};
		C66D3ABC23C798B1002AE545 /* AirQualityAppTests */ = {
			isa = PBXNativeTarget;
			buildConfigurationList = C66D3AC923C798B1002AE545 /* Build configuration list for PBXNativeTarget "AirQualityAppTests" */;
			buildPhases = (
				C66D3AB923C798B1002AE545 /* Sources */,
				C66D3ABA23C798B1002AE545 /* Frameworks */,
				C66D3ABB23C798B1002AE545 /* Resources */,
			);
			buildRules = (
			);
			dependencies = (
				C66D3ABF23C798B1002AE545 /* PBXTargetDependency */,
			);
			name = AirQualityAppTests;
			productName = AirQualityAppTests;
			productReference = C66D3ABD23C798B1002AE545 /* AirQualityAppTests.xctest */;
			productType = "com.apple.product-type.bundle.unit-test";
		};
/* End PBXNativeTarget section */

/* Begin PBXProject section */
		C66D3A9F23C798AC002AE545 /* Project object */ = {
			isa = PBXProject;
			attributes = {
				LastSwiftUpdateCheck = 1130;
				LastUpgradeCheck = 1130;
				ORGANIZATIONNAME = "casandra grullon";
				TargetAttributes = {
					C66D3AA623C798AC002AE545 = {
						CreatedOnToolsVersion = 11.3;
					};
					C66D3ABC23C798B1002AE545 = {
						CreatedOnToolsVersion = 11.3;
						TestTargetID = C66D3AA623C798AC002AE545;
					};
				};
			};
			buildConfigurationList = C66D3AA223C798AC002AE545 /* Build configuration list for PBXProject "AirQualityApp" */;
			compatibilityVersion = "Xcode 9.3";
			developmentRegion = en;
			hasScannedForEncodings = 0;
			knownRegions = (
				en,
				Base,
			);
			mainGroup = C66D3A9E23C798AC002AE545;
			productRefGroup = C66D3AA823C798AC002AE545 /* Products */;
			projectDirPath = "";
			projectRoot = "";
			targets = (
				C66D3AA623C798AC002AE545 /* AirQualityApp */,
				C66D3ABC23C798B1002AE545 /* AirQualityAppTests */,
			);
		};
/* End PBXProject section */

/* Begin PBXResourcesBuildPhase section */
		C66D3AA523C798AC002AE545 /* Resources */ = {
			isa = PBXResourcesBuildPhase;
			buildActionMask = 2147483647;
			files = (
				C66D3AB723C798B1002AE545 /* LaunchScreen.storyboard in Resources */,
				C66D3AB423C798B1002AE545 /* Assets.xcassets in Resources */,
				C678E7B623C7CE47000EDB69 /* CityCell.xib in Resources */,
				C66D3AB223C798AC002AE545 /* Main.storyboard in Resources */,
			);
			runOnlyForDeploymentPostprocessing = 0;
		};
		C66D3ABB23C798B1002AE545 /* Resources */ = {
			isa = PBXResourcesBuildPhase;
			buildActionMask = 2147483647;
			files = (
			);
			runOnlyForDeploymentPostprocessing = 0;
		};
/* End PBXResourcesBuildPhase section */

/* Begin PBXSourcesBuildPhase section */
		C66D3AA323C798AC002AE545 /* Sources */ = {
			isa = PBXSourcesBuildPhase;
			buildActionMask = 2147483647;
			files = (
				C66D3AD723C7BEBF002AE545 /* NetworkHelper.swift in Sources */,
				C66D3AD423C7B4B1002AE545 /* Latest.swift in Sources */,
				C66D3AD923C7BF5C002AE545 /* AppError.swift in Sources */,
				C66D3ACE23C798F6002AE545 /* Country.swift in Sources */,
				C66D3ADD23C7BF98002AE545 /* ImageView.swift in Sources */,
				C66D3AD023C7B1DA002AE545 /* City.swift in Sources */,
				C66D3ADB23C7BF82002AE545 /* ShowAlert.swift in Sources */,
				C66D3AAF23C798AC002AE545 /* CountryViewController.swift in Sources */,
				C66D3AE123C7C68A002AE545 /* AirQualityViewController.swift in Sources */,
				C66D3AAB23C798AC002AE545 /* AppDelegate.swift in Sources */,
				C66D3AD223C7B26B002AE545 /* Measurements.swift in Sources */,
				C66D3AAD23C798AC002AE545 /* SceneDelegate.swift in Sources */,
				C678E7B423C7CDCE000EDB69 /* CityCell.swift in Sources */,
				C66D3ADF23C7BFBB002AE545 /* APIClient.swift in Sources */,
			);
			runOnlyForDeploymentPostprocessing = 0;
		};
		C66D3AB923C798B1002AE545 /* Sources */ = {
			isa = PBXSourcesBuildPhase;
			buildActionMask = 2147483647;
			files = (
				C66D3AC223C798B1002AE545 /* AirQualityAppTests.swift in Sources */,
			);
			runOnlyForDeploymentPostprocessing = 0;
		};
/* End PBXSourcesBuildPhase section */

/* Begin PBXTargetDependency section */
		C66D3ABF23C798B1002AE545 /* PBXTargetDependency */ = {
			isa = PBXTargetDependency;
			target = C66D3AA623C798AC002AE545 /* AirQualityApp */;
			targetProxy = C66D3ABE23C798B1002AE545 /* PBXContainerItemProxy */;
		};
/* End PBXTargetDependency section */

/* Begin PBXVariantGroup section */
		C66D3AB023C798AC002AE545 /* Main.storyboard */ = {
			isa = PBXVariantGroup;
			children = (
				C66D3AB123C798AC002AE545 /* Base */,
			);
			name = Main.storyboard;
			sourceTree = "<group>";
		};
		C66D3AB523C798B1002AE545 /* LaunchScreen.storyboard */ = {
			isa = PBXVariantGroup;
			children = (
				C66D3AB623C798B1002AE545 /* Base */,
			);
			name = LaunchScreen.storyboard;
			sourceTree = "<group>";
		};
/* End PBXVariantGroup section */

/* Begin XCBuildConfiguration section */
		C66D3AC423C798B1002AE545 /* Debug */ = {
			isa = XCBuildConfiguration;
			buildSettings = {
				ALWAYS_SEARCH_USER_PATHS = NO;
				CLANG_ANALYZER_NONNULL = YES;
				CLANG_ANALYZER_NUMBER_OBJECT_CONVERSION = YES_AGGRESSIVE;
				CLANG_CXX_LANGUAGE_STANDARD = "gnu++14";
				CLANG_CXX_LIBRARY = "libc++";
				CLANG_ENABLE_MODULES = YES;
				CLANG_ENABLE_OBJC_ARC = YES;
				CLANG_ENABLE_OBJC_WEAK = YES;
				CLANG_WARN_BLOCK_CAPTURE_AUTORELEASING = YES;
				CLANG_WARN_BOOL_CONVERSION = YES;
				CLANG_WARN_COMMA = YES;
				CLANG_WARN_CONSTANT_CONVERSION = YES;
				CLANG_WARN_DEPRECATED_OBJC_IMPLEMENTATIONS = YES;
				CLANG_WARN_DIRECT_OBJC_ISA_USAGE = YES_ERROR;
				CLANG_WARN_DOCUMENTATION_COMMENTS = YES;
				CLANG_WARN_EMPTY_BODY = YES;
				CLANG_WARN_ENUM_CONVERSION = YES;
				CLANG_WARN_INFINITE_RECURSION = YES;
				CLANG_WARN_INT_CONVERSION = YES;
				CLANG_WARN_NON_LITERAL_NULL_CONVERSION = YES;
				CLANG_WARN_OBJC_IMPLICIT_RETAIN_SELF = YES;
				CLANG_WARN_OBJC_LITERAL_CONVERSION = YES;
				CLANG_WARN_OBJC_ROOT_CLASS = YES_ERROR;
				CLANG_WARN_RANGE_LOOP_ANALYSIS = YES;
				CLANG_WARN_STRICT_PROTOTYPES = YES;
				CLANG_WARN_SUSPICIOUS_MOVE = YES;
				CLANG_WARN_UNGUARDED_AVAILABILITY = YES_AGGRESSIVE;
				CLANG_WARN_UNREACHABLE_CODE = YES;
				CLANG_WARN__DUPLICATE_METHOD_MATCH = YES;
				COPY_PHASE_STRIP = NO;
				DEBUG_INFORMATION_FORMAT = dwarf;
				ENABLE_STRICT_OBJC_MSGSEND = YES;
				ENABLE_TESTABILITY = YES;
				GCC_C_LANGUAGE_STANDARD = gnu11;
				GCC_DYNAMIC_NO_PIC = NO;
				GCC_NO_COMMON_BLOCKS = YES;
				GCC_OPTIMIZATION_LEVEL = 0;
				GCC_PREPROCESSOR_DEFINITIONS = (
					"DEBUG=1",
					"$(inherited)",
				);
				GCC_WARN_64_TO_32_BIT_CONVERSION = YES;
				GCC_WARN_ABOUT_RETURN_TYPE = YES_ERROR;
				GCC_WARN_UNDECLARED_SELECTOR = YES;
				GCC_WARN_UNINITIALIZED_AUTOS = YES_AGGRESSIVE;
				GCC_WARN_UNUSED_FUNCTION = YES;
				GCC_WARN_UNUSED_VARIABLE = YES;
				IPHONEOS_DEPLOYMENT_TARGET = 13.2;
				MTL_ENABLE_DEBUG_INFO = INCLUDE_SOURCE;
				MTL_FAST_MATH = YES;
				ONLY_ACTIVE_ARCH = YES;
				SDKROOT = iphoneos;
				SWIFT_ACTIVE_COMPILATION_CONDITIONS = DEBUG;
				SWIFT_OPTIMIZATION_LEVEL = "-Onone";
			};
			name = Debug;
		};
		C66D3AC523C798B1002AE545 /* Release */ = {
			isa = XCBuildConfiguration;
			buildSettings = {
				ALWAYS_SEARCH_USER_PATHS = NO;
				CLANG_ANALYZER_NONNULL = YES;
				CLANG_ANALYZER_NUMBER_OBJECT_CONVERSION = YES_AGGRESSIVE;
				CLANG_CXX_LANGUAGE_STANDARD = "gnu++14";
				CLANG_CXX_LIBRARY = "libc++";
				CLANG_ENABLE_MODULES = YES;
				CLANG_ENABLE_OBJC_ARC = YES;
				CLANG_ENABLE_OBJC_WEAK = YES;
				CLANG_WARN_BLOCK_CAPTURE_AUTORELEASING = YES;
				CLANG_WARN_BOOL_CONVERSION = YES;
				CLANG_WARN_COMMA = YES;
				CLANG_WARN_CONSTANT_CONVERSION = YES;
				CLANG_WARN_DEPRECATED_OBJC_IMPLEMENTATIONS = YES;
				CLANG_WARN_DIRECT_OBJC_ISA_USAGE = YES_ERROR;
				CLANG_WARN_DOCUMENTATION_COMMENTS = YES;
				CLANG_WARN_EMPTY_BODY = YES;
				CLANG_WARN_ENUM_CONVERSION = YES;
				CLANG_WARN_INFINITE_RECURSION = YES;
				CLANG_WARN_INT_CONVERSION = YES;
				CLANG_WARN_NON_LITERAL_NULL_CONVERSION = YES;
				CLANG_WARN_OBJC_IMPLICIT_RETAIN_SELF = YES;
				CLANG_WARN_OBJC_LITERAL_CONVERSION = YES;
				CLANG_WARN_OBJC_ROOT_CLASS = YES_ERROR;
				CLANG_WARN_RANGE_LOOP_ANALYSIS = YES;
				CLANG_WARN_STRICT_PROTOTYPES = YES;
				CLANG_WARN_SUSPICIOUS_MOVE = YES;
				CLANG_WARN_UNGUARDED_AVAILABILITY = YES_AGGRESSIVE;
				CLANG_WARN_UNREACHABLE_CODE = YES;
				CLANG_WARN__DUPLICATE_METHOD_MATCH = YES;
				COPY_PHASE_STRIP = NO;
				DEBUG_INFORMATION_FORMAT = "dwarf-with-dsym";
				ENABLE_NS_ASSERTIONS = NO;
				ENABLE_STRICT_OBJC_MSGSEND = YES;
				GCC_C_LANGUAGE_STANDARD = gnu11;
				GCC_NO_COMMON_BLOCKS = YES;
				GCC_WARN_64_TO_32_BIT_CONVERSION = YES;
				GCC_WARN_ABOUT_RETURN_TYPE = YES_ERROR;
				GCC_WARN_UNDECLARED_SELECTOR = YES;
				GCC_WARN_UNINITIALIZED_AUTOS = YES_AGGRESSIVE;
				GCC_WARN_UNUSED_FUNCTION = YES;
				GCC_WARN_UNUSED_VARIABLE = YES;
				IPHONEOS_DEPLOYMENT_TARGET = 13.2;
				MTL_ENABLE_DEBUG_INFO = NO;
				MTL_FAST_MATH = YES;
				SDKROOT = iphoneos;
				SWIFT_COMPILATION_MODE = wholemodule;
				SWIFT_OPTIMIZATION_LEVEL = "-O";
				VALIDATE_PRODUCT = YES;
			};
			name = Release;
		};
		C66D3AC723C798B1002AE545 /* Debug */ = {
			isa = XCBuildConfiguration;
			buildSettings = {
				ASSETCATALOG_COMPILER_APPICON_NAME = AppIcon;
				CODE_SIGN_STYLE = Automatic;
				DEVELOPMENT_TEAM = JRUP55ZMLQ;
				INFOPLIST_FILE = AirQualityApp/Info.plist;
				LD_RUNPATH_SEARCH_PATHS = (
					"$(inherited)",
					"@executable_path/Frameworks",
				);
				PRODUCT_BUNDLE_IDENTIFIER = com.casandragrullon.AirQualityApp;
				PRODUCT_NAME = "$(TARGET_NAME)";
				SWIFT_VERSION = 5.0;
				TARGETED_DEVICE_FAMILY = "1,2";
			};
			name = Debug;
		};
		C66D3AC823C798B1002AE545 /* Release */ = {
			isa = XCBuildConfiguration;
			buildSettings = {
				ASSETCATALOG_COMPILER_APPICON_NAME = AppIcon;
				CODE_SIGN_STYLE = Automatic;
				DEVELOPMENT_TEAM = JRUP55ZMLQ;
				INFOPLIST_FILE = AirQualityApp/Info.plist;
				LD_RUNPATH_SEARCH_PATHS = (
					"$(inherited)",
					"@executable_path/Frameworks",
				);
				PRODUCT_BUNDLE_IDENTIFIER = com.casandragrullon.AirQualityApp;
				PRODUCT_NAME = "$(TARGET_NAME)";
				SWIFT_VERSION = 5.0;
				TARGETED_DEVICE_FAMILY = "1,2";
			};
			name = Release;
		};
		C66D3ACA23C798B1002AE545 /* Debug */ = {
			isa = XCBuildConfiguration;
			buildSettings = {
				ALWAYS_EMBED_SWIFT_STANDARD_LIBRARIES = YES;
				BUNDLE_LOADER = "$(TEST_HOST)";
				CODE_SIGN_STYLE = Automatic;
				DEVELOPMENT_TEAM = JRUP55ZMLQ;
				INFOPLIST_FILE = AirQualityAppTests/Info.plist;
				IPHONEOS_DEPLOYMENT_TARGET = 13.2;
				LD_RUNPATH_SEARCH_PATHS = (
					"$(inherited)",
					"@executable_path/Frameworks",
					"@loader_path/Frameworks",
				);
				PRODUCT_BUNDLE_IDENTIFIER = com.casandragrullon.AirQualityAppTests;
				PRODUCT_NAME = "$(TARGET_NAME)";
				SWIFT_VERSION = 5.0;
				TARGETED_DEVICE_FAMILY = "1,2";
				TEST_HOST = "$(BUILT_PRODUCTS_DIR)/AirQualityApp.app/AirQualityApp";
			};
			name = Debug;
		};
		C66D3ACB23C798B1002AE545 /* Release */ = {
			isa = XCBuildConfiguration;
			buildSettings = {
				ALWAYS_EMBED_SWIFT_STANDARD_LIBRARIES = YES;
				BUNDLE_LOADER = "$(TEST_HOST)";
				CODE_SIGN_STYLE = Automatic;
				DEVELOPMENT_TEAM = JRUP55ZMLQ;
				INFOPLIST_FILE = AirQualityAppTests/Info.plist;
				IPHONEOS_DEPLOYMENT_TARGET = 13.2;
				LD_RUNPATH_SEARCH_PATHS = (
					"$(inherited)",
					"@executable_path/Frameworks",
					"@loader_path/Frameworks",
				);
				PRODUCT_BUNDLE_IDENTIFIER = com.casandragrullon.AirQualityAppTests;
				PRODUCT_NAME = "$(TARGET_NAME)";
				SWIFT_VERSION = 5.0;
				TARGETED_DEVICE_FAMILY = "1,2";
				TEST_HOST = "$(BUILT_PRODUCTS_DIR)/AirQualityApp.app/AirQualityApp";
			};
			name = Release;
		};
/* End XCBuildConfiguration section */

/* Begin XCConfigurationList section */
		C66D3AA223C798AC002AE545 /* Build configuration list for PBXProject "AirQualityApp" */ = {
			isa = XCConfigurationList;
			buildConfigurations = (
				C66D3AC423C798B1002AE545 /* Debug */,
				C66D3AC523C798B1002AE545 /* Release */,
			);
			defaultConfigurationIsVisible = 0;
			defaultConfigurationName = Release;
		};
		C66D3AC623C798B1002AE545 /* Build configuration list for PBXNativeTarget "AirQualityApp" */ = {
			isa = XCConfigurationList;
			buildConfigurations = (
				C66D3AC723C798B1002AE545 /* Debug */,
				C66D3AC823C798B1002AE545 /* Release */,
			);
			defaultConfigurationIsVisible = 0;
			defaultConfigurationName = Release;
		};
		C66D3AC923C798B1002AE545 /* Build configuration list for PBXNativeTarget "AirQualityAppTests" */ = {
			isa = XCConfigurationList;
			buildConfigurations = (
				C66D3ACA23C798B1002AE545 /* Debug */,
				C66D3ACB23C798B1002AE545 /* Release */,
			);
			defaultConfigurationIsVisible = 0;
			defaultConfigurationName = Release;
		};
/* End XCConfigurationList section */
	};
	rootObject = C66D3A9F23C798AC002AE545 /* Project object */;
}
